
Microsoft Visual Studio Solution File, Format Version 12.00
# Visual Studio 15
VisualStudioVersion = 15.0.28010.2026
MinimumVisualStudioVersion = 10.0.40219.1
Project("{FAE04EC0-301F-11D3-BF4B-00C04F79EFBC}") = "CefSharpApp", "CefSharpApp\CefSharpApp.csproj", "{1AF5D517-58F7-4039-BEA5-BA8E96F4B12F}"
EndProject
Global
	GlobalSection(SolutionConfigurationPlatforms) = preSolution
		Debug|Any CPU = Debug|Any CPU
		Release|Any CPU = Release|Any CPU
	EndGlobalSection
	GlobalSection(ProjectConfigurationPlatforms) = postSolution
		{1AF5D517-58F7-4039-BEA5-BA8E96F4B12F}.Debug|Any CPU.ActiveCfg = Debug|Any CPU
		{1AF5D517-58F7-4039-BEA5-BA8E96F4B12F}.Debug|Any CPU.Build.0 = Debug|Any CPU
		{1AF5D517-58F7-4039-BEA5-BA8E96F4B12F}.Release|Any CPU.ActiveCfg = Release|Any CPU
		{1AF5D517-58F7-4039-BEA5-BA8E96F4B12F}.Release|Any CPU.Build.0 = Release|Any CPU
	EndGlobalSection
	GlobalSection(SolutionProperties) = preSolution
		HideSolutionNode = FALSE
	EndGlobalSection
	GlobalSection(ExtensibilityGlobals) = postSolution
		SolutionGuid = {AB46BE70-DC99-4D81-A6D1-C3103F959942}
	EndGlobalSection
EndGlobal
